
Microsoft Visual Studio Solution File, Format Version 12.00
# Visual Studio Version 17
VisualStudioVersion = 17.14.36429.23
MinimumVisualStudioVersion = 10.0.40219.1
Project("{2150E333-8FDC-42A3-9474-1A3956D46DE8}") = "Task0", "Task0", "{02EA681E-C7D8-13C7-8484-4AC65E1B71E8}"
EndProject
Project("{FAE04EC0-301F-11D3-BF4B-00C04F79EFBC}") = "Tyuiu.VariiMN.Sprint0.Task0.V0", "Tyuiu.VariiMN.Sprint0.Task0.V0\Tyuiu.VariiMN.Sprint0.Task0.V0.csproj", "{2C0F3DAB-9623-47FB-A72A-E1D5D0E6CD92}"
EndProject
Project("{2150E333-8FDC-42A3-9474-1A3956D46DE8}") = "Task1", "Task1", "{9424241F-6652-4E8E-ADA9-56CC3EA1AFB1}"
EndProject
Project("{FAE04EC0-301F-11D3-BF4B-00C04F79EFBC}") = "Tyuiu.VariiMN.Sprint0.Task1.V0", "Tyuiu.VariiMN.Sprint0.Task1.V0\Tyuiu.VariiMN.Sprint0.Task1.V0.csproj", "{D057E9F4-CA15-4848-B9AA-EA5F3E53348A}"
EndProject
Project("{2150E333-8FDC-42A3-9474-1A3956D46DE8}") = "Task2", "Task2", "{4A926786-C28A-4812-8C72-DE1D5631A845}"
EndProject
Project("{FAE04EC0-301F-11D3-BF4B-00C04F79EFBC}") = "Tyuiu.VariiMN.Sprint0.Task2.V0", "Tyuiu.VariiMN.Sprint0.Task2.V0\Tyuiu.VariiMN.Sprint0.Task2.V0.csproj", "{F3C7A30C-CE19-473F-9F8D-4E1FAF9ECEBD}"
EndProject
Project("{FAE04EC0-301F-11D3-BF4B-00C04F79EFBC}") = "Tyuiu.VariiMN.Sprint0.Task2.V0.Lib", "Tyuiu.VariiMN.Sprint0.Task2.V0.Lib\Tyuiu.VariiMN.Sprint0.Task2.V0.Lib.csproj", "{C3651888-7C86-42A8-A96E-7FEB248E061E}"
EndProject
Project("{FAE04EC0-301F-11D3-BF4B-00C04F79EFBC}") = "Tyuiu.VariiMN.Sprint0.Task2.V0.Test", "Tyuiu.VariiMN.Sprint0.Task2.V0.Test\Tyuiu.VariiMN.Sprint0.Task2.V0.Test.csproj", "{356E7ABA-D60A-484D-8455-9925A00C8C0F}"
EndProject
Project("{2150E333-8FDC-42A3-9474-1A3956D46DE8}") = "Task3", "Task3", "{8558C5C5-49E9-4725-A94D-11DB569E5112}"
EndProject
Project("{FAE04EC0-301F-11D3-BF4B-00C04F79EFBC}") = "Tyuiu.VariiMN.Sprint0.Task3.V0", "Tyuiu.VariiMN.Sprint0.Task3.V0\Tyuiu.VariiMN.Sprint0.Task3.V0.csproj", "{4A03764E-3160-42D6-AD3A-95B935DD4332}"
EndProject
Project("{FAE04EC0-301F-11D3-BF4B-00C04F79EFBC}") = "Tyuiu.VariiMN.Sprint0.Task3.V0.Lib", "Tyuiu.VariiMN.Sprint0.Task3.V0.Lib\Tyuiu.VariiMN.Sprint0.Task3.V0.Lib.csproj", "{33DA1395-854D-4F54-BC86-ABCC5BC42C0D}"
EndProject
Project("{FAE04EC0-301F-11D3-BF4B-00C04F79EFBC}") = "Tyuiu.VariiMN.Sprint0.Task3.V0.Test", "Tyuiu.VariiMN.Sprint0.Task3.V0.Test\Tyuiu.VariiMN.Sprint0.Task3.V0.Test.csproj", "{CC90CFB2-E243-4BCC-9D19-B7D6D3252A88}"
EndProject
Project("{2150E333-8FDC-42A3-9474-1A3956D46DE8}") = "Task4", "Task4", "{9BAFDE89-98C8-4422-9CCB-F9696D4CB7C5}"
EndProject
Project("{FAE04EC0-301F-11D3-BF4B-00C04F79EFBC}") = "Tyuiu.VariiMN.Sprint0.Task4.V0", "Tyuiu.VariiMN.Sprint0.Task4.V0\Tyuiu.VariiMN.Sprint0.Task4.V0.csproj", "{209F33BF-4B55-44DB-B25B-250255125CEA}"
EndProject
Project("{FAE04EC0-301F-11D3-BF4B-00C04F79EFBC}") = "Tyuiu.VariiMN.Sprint0.Task4.V0.Lib", "Tyuiu.VariiMN.Sprint0.Task4.V0.Lib\Tyuiu.VariiMN.Sprint0.Task4.V0.Lib.csproj", "{279965E7-B73B-465F-A3D0-AAF0432D07AE}"
EndProject
Project("{FAE04EC0-301F-11D3-BF4B-00C04F79EFBC}") = "Tyuiu.VariiMN.Sprint0.Task4.V0.Test", "Tyuiu.VariiMN.Sprint0.Task4.V0.Test\Tyuiu.VariiMN.Sprint0.Task4.V0.Test.csproj", "{3B16DBD0-379C-45C4-88BB-94E90C987CEA}"
EndProject
Project("{2150E333-8FDC-42A3-9474-1A3956D46DE8}") = "Task5", "Task5", "{306BDDA9-4477-457D-84A3-09D247B872C3}"
EndProject
Project("{FAE04EC0-301F-11D3-BF4B-00C04F79EFBC}") = "Tyuiu.VariiMN.Sprint0.Task5.V0", "Tyuiu.VariiMN.Sprint0.Task5.V0\Tyuiu.VariiMN.Sprint0.Task5.V0.csproj", "{9B730494-5FA3-4DCB-8820-BEA5CEDB9377}"
EndProject
Project("{FAE04EC0-301F-11D3-BF4B-00C04F79EFBC}") = "Tyuiu.VariiMN.Sprint0.Task5.V0.Lib", "Tyuiu.VariiMN.Sprint0.Task5.V0.Lib\Tyuiu.VariiMN.Sprint0.Task5.V0.Lib.csproj", "{9AE6E144-8E17-46ED-B43F-3D26CE924F2D}"
EndProject
Project("{FAE04EC0-301F-11D3-BF4B-00C04F79EFBC}") = "Tyuiu.VariiMN.Sprint0.Task5.V0.Test", "Tyuiu.VariiMN.Sprint0.Task5.V0.Test\Tyuiu.VariiMN.Sprint0.Task5.V0.Test.csproj", "{5A843BB4-BA0A-4BC3-8843-E86A2C771F6E}"
EndProject
Project("{2150E333-8FDC-42A3-9474-1A3956D46DE8}") = "Task6", "Task6", "{28A012A1-5A0E-4D2F-BB26-CD0AABCF02FE}"
EndProject
Project("{FAE04EC0-301F-11D3-BF4B-00C04F79EFBC}") = "Tyuiu.VariiMN.Sprint0.Task6.V0", "Tyuiu.VariiMN.Sprint0.Task6.V0\Tyuiu.VariiMN.Sprint0.Task6.V0.csproj", "{9ED7CEA2-9F7C-4FDE-8250-6C6497051A64}"
EndProject
Project("{FAE04EC0-301F-11D3-BF4B-00C04F79EFBC}") = "Tyuiu.VariiMN.Sprint0.Task6.V0.Lib", "Tyuiu.VariiMN.Sprint0.Task6.V0.Lib\Tyuiu.VariiMN.Sprint0.Task6.V0.Lib.csproj", "{B3C6AA99-4717-4823-932A-5E7AD6493642}"
EndProject
Project("{FAE04EC0-301F-11D3-BF4B-00C04F79EFBC}") = "Tyuiu.VariiMN.Sprint0.Task6.V0.Test", "Tyuiu.VariiMN.Sprint0.Task6.V0.Test\Tyuiu.VariiMN.Sprint0.Task6.V0.Test.csproj", "{8F545DD1-04FA-4159-906B-F9930D2F8AA0}"
EndProject
Project("{2150E333-8FDC-42A3-9474-1A3956D46DE8}") = "Task7", "Task7", "{A50B0C0B-6786-4BE0-9C51-C8BCEB7F165F}"
EndProject
Project("{FAE04EC0-301F-11D3-BF4B-00C04F79EFBC}") = "Tyuiu.VariiMN.Sprint0.Task7.V0.Lib", "Tyuiu.VariiMN.Sprint0.Task7.V0.Lib\Tyuiu.VariiMN.Sprint0.Task7.V0.Lib.csproj", "{F5BCABD7-2F56-4D73-9805-C51BA76391E0}"
EndProject
Project("{FAE04EC0-301F-11D3-BF4B-00C04F79EFBC}") = "Tyuiu.VariiMN.Sprint0.Task7.V0.Test", "Tyuiu.VariiMN.Sprint0.Task7.V0.Test\Tyuiu.VariiMN.Sprint0.Task7.V0.Test.csproj", "{D41CEFE3-86BB-4941-BBE4-C8E4B769DC51}"
EndProject
Project("{FAE04EC0-301F-11D3-BF4B-00C04F79EFBC}") = "Tyuiu.VariiMN.Sprint0.Task7.V0", "Tyuiu.VariiMN.Sprint0.Task7.V0\Tyuiu.VariiMN.Sprint0.Task7.V0.csproj", "{8347707C-AFE9-43D8-9722-FFA40F264E74}"
EndProject
Global
	GlobalSection(SolutionConfigurationPlatforms) = preSolution
		Debug|Any CPU = Debug|Any CPU
		Release|Any CPU = Release|Any CPU
	EndGlobalSection
	GlobalSection(ProjectConfigurationPlatforms) = postSolution
		{2C0F3DAB-9623-47FB-A72A-E1D5D0E6CD92}.Debug|Any CPU.ActiveCfg = Debug|Any CPU
		{2C0F3DAB-9623-47FB-A72A-E1D5D0E6CD92}.Debug|Any CPU.Build.0 = Debug|Any CPU
		{2C0F3DAB-9623-47FB-A72A-E1D5D0E6CD92}.Release|Any CPU.ActiveCfg = Release|Any CPU
		{2C0F3DAB-9623-47FB-A72A-E1D5D0E6CD92}.Release|Any CPU.Build.0 = Release|Any CPU
		{D057E9F4-CA15-4848-B9AA-EA5F3E53348A}.Debug|Any CPU.ActiveCfg = Debug|Any CPU
		{D057E9F4-CA15-4848-B9AA-EA5F3E53348A}.Debug|Any CPU.Build.0 = Debug|Any CPU
		{D057E9F4-CA15-4848-B9AA-EA5F3E53348A}.Release|Any CPU.ActiveCfg = Release|Any CPU
		{D057E9F4-CA15-4848-B9AA-EA5F3E53348A}.Release|Any CPU.Build.0 = Release|Any CPU
		{F3C7A30C-CE19-473F-9F8D-4E1FAF9ECEBD}.Debug|Any CPU.ActiveCfg = Debug|Any CPU
		{F3C7A30C-CE19-473F-9F8D-4E1FAF9ECEBD}.Debug|Any CPU.Build.0 = Debug|Any CPU
		{F3C7A30C-CE19-473F-9F8D-4E1FAF9ECEBD}.Release|Any CPU.ActiveCfg = Release|Any CPU
		{F3C7A30C-CE19-473F-9F8D-4E1FAF9ECEBD}.Release|Any CPU.Build.0 = Release|Any CPU
		{C3651888-7C86-42A8-A96E-7FEB248E061E}.Debug|Any CPU.ActiveCfg = Debug|Any CPU
		{C3651888-7C86-42A8-A96E-7FEB248E061E}.Debug|Any CPU.Build.0 = Debug|Any CPU
		{C3651888-7C86-42A8-A96E-7FEB248E061E}.Release|Any CPU.ActiveCfg = Release|Any CPU
		{C3651888-7C86-42A8-A96E-7FEB248E061E}.Release|Any CPU.Build.0 = Release|Any CPU
		{356E7ABA-D60A-484D-8455-9925A00C8C0F}.Debug|Any CPU.ActiveCfg = Debug|Any CPU
		{356E7ABA-D60A-484D-8455-9925A00C8C0F}.Debug|Any CPU.Build.0 = Debug|Any CPU
		{356E7ABA-D60A-484D-8455-9925A00C8C0F}.Release|Any CPU.ActiveCfg = Release|Any CPU
		{356E7ABA-D60A-484D-8455-9925A00C8C0F}.Release|Any CPU.Build.0 = Release|Any CPU
		{4A03764E-3160-42D6-AD3A-95B935DD4332}.Debug|Any CPU.ActiveCfg = Debug|Any CPU
		{4A03764E-3160-42D6-AD3A-95B935DD4332}.Debug|Any CPU.Build.0 = Debug|Any CPU
		{4A03764E-3160-42D6-AD3A-95B935DD4332}.Release|Any CPU.ActiveCfg = Release|Any CPU
		{4A03764E-3160-42D6-AD3A-95B935DD4332}.Release|Any CPU.Build.0 = Release|Any CPU
		{33DA1395-854D-4F54-BC86-ABCC5BC42C0D}.Debug|Any CPU.ActiveCfg = Debug|Any CPU
		{33DA1395-854D-4F54-BC86-ABCC5BC42C0D}.Debug|Any CPU.Build.0 = Debug|Any CPU
		{33DA1395-854D-4F54-BC86-ABCC5BC42C0D}.Release|Any CPU.ActiveCfg = Release|Any CPU
		{33DA1395-854D-4F54-BC86-ABCC5BC42C0D}.Release|Any CPU.Build.0 = Release|Any CPU
		{CC90CFB2-E243-4BCC-9D19-B7D6D3252A88}.Debug|Any CPU.ActiveCfg = Debug|Any CPU
		{CC90CFB2-E243-4BCC-9D19-B7D6D3252A88}.Debug|Any CPU.Build.0 = Debug|Any CPU
		{CC90CFB2-E243-4BCC-9D19-B7D6D3252A88}.Release|Any CPU.ActiveCfg = Release|Any CPU
		{CC90CFB2-E243-4BCC-9D19-B7D6D3252A88}.Release|Any CPU.Build.0 = Release|Any CPU
		{209F33BF-4B55-44DB-B25B-250255125CEA}.Debug|Any CPU.ActiveCfg = Debug|Any CPU
		{209F33BF-4B55-44DB-B25B-250255125CEA}.Debug|Any CPU.Build.0 = Debug|Any CPU
		{209F33BF-4B55-44DB-B25B-250255125CEA}.Release|Any CPU.ActiveCfg = Release|Any CPU
		{209F33BF-4B55-44DB-B25B-250255125CEA}.Release|Any CPU.Build.0 = Release|Any CPU
		{279965E7-B73B-465F-A3D0-AAF0432D07AE}.Debug|Any CPU.ActiveCfg = Debug|Any CPU
		{279965E7-B73B-465F-A3D0-AAF0432D07AE}.Debug|Any CPU.Build.0 = Debug|Any CPU
		{279965E7-B73B-465F-A3D0-AAF0432D07AE}.Release|Any CPU.ActiveCfg = Release|Any CPU
		{279965E7-B73B-465F-A3D0-AAF0432D07AE}.Release|Any CPU.Build.0 = Release|Any CPU
		{3B16DBD0-379C-45C4-88BB-94E90C987CEA}.Debug|Any CPU.ActiveCfg = Debug|Any CPU
		{3B16DBD0-379C-45C4-88BB-94E90C987CEA}.Debug|Any CPU.Build.0 = Debug|Any CPU
		{3B16DBD0-379C-45C4-88BB-94E90C987CEA}.Release|Any CPU.ActiveCfg = Release|Any CPU
		{3B16DBD0-379C-45C4-88BB-94E90C987CEA}.Release|Any CPU.Build.0 = Release|Any CPU
		{9B730494-5FA3-4DCB-8820-BEA5CEDB9377}.Debug|Any CPU.ActiveCfg = Debug|Any CPU
		{9B730494-5FA3-4DCB-8820-BEA5CEDB9377}.Debug|Any CPU.Build.0 = Debug|Any CPU
		{9B730494-5FA3-4DCB-8820-BEA5CEDB9377}.Release|Any CPU.ActiveCfg = Release|Any CPU
		{9B730494-5FA3-4DCB-8820-BEA5CEDB9377}.Release|Any CPU.Build.0 = Release|Any CPU
		{9AE6E144-8E17-46ED-B43F-3D26CE924F2D}.Debug|Any CPU.ActiveCfg = Debug|Any CPU
		{9AE6E144-8E17-46ED-B43F-3D26CE924F2D}.Debug|Any CPU.Build.0 = Debug|Any CPU
		{9AE6E144-8E17-46ED-B43F-3D26CE924F2D}.Release|Any CPU.ActiveCfg = Release|Any CPU
		{9AE6E144-8E17-46ED-B43F-3D26CE924F2D}.Release|Any CPU.Build.0 = Release|Any CPU
		{5A843BB4-BA0A-4BC3-8843-E86A2C771F6E}.Debug|Any CPU.ActiveCfg = Debug|Any CPU
		{5A843BB4-BA0A-4BC3-8843-E86A2C771F6E}.Debug|Any CPU.Build.0 = Debug|Any CPU
		{5A843BB4-BA0A-4BC3-8843-E86A2C771F6E}.Release|Any CPU.ActiveCfg = Release|Any CPU
		{5A843BB4-BA0A-4BC3-8843-E86A2C771F6E}.Release|Any CPU.Build.0 = Release|Any CPU
		{9ED7CEA2-9F7C-4FDE-8250-6C6497051A64}.Debug|Any CPU.ActiveCfg = Debug|Any CPU
		{9ED7CEA2-9F7C-4FDE-8250-6C6497051A64}.Debug|Any CPU.Build.0 = Debug|Any CPU
		{9ED7CEA2-9F7C-4FDE-8250-6C6497051A64}.Release|Any CPU.ActiveCfg = Release|Any CPU
		{9ED7CEA2-9F7C-4FDE-8250-6C6497051A64}.Release|Any CPU.Build.0 = Release|Any CPU
		{B3C6AA99-4717-4823-932A-5E7AD6493642}.Debug|Any CPU.ActiveCfg = Debug|Any CPU
		{B3C6AA99-4717-4823-932A-5E7AD6493642}.Debug|Any CPU.Build.0 = Debug|Any CPU
		{B3C6AA99-4717-4823-932A-5E7AD6493642}.Release|Any CPU.ActiveCfg = Release|Any CPU
		{B3C6AA99-4717-4823-932A-5E7AD6493642}.Release|Any CPU.Build.0 = Release|Any CPU
		{8F545DD1-04FA-4159-906B-F9930D2F8AA0}.Debug|Any CPU.ActiveCfg = Debug|Any CPU
		{8F545DD1-04FA-4159-906B-F9930D2F8AA0}.Debug|Any CPU.Build.0 = Debug|Any CPU
		{8F545DD1-04FA-4159-906B-F9930D2F8AA0}.Release|Any CPU.ActiveCfg = Release|Any CPU
		{8F545DD1-04FA-4159-906B-F9930D2F8AA0}.Release|Any CPU.Build.0 = Release|Any CPU
		{F5BCABD7-2F56-4D73-9805-C51BA76391E0}.Debug|Any CPU.ActiveCfg = Debug|Any CPU
		{F5BCABD7-2F56-4D73-9805-C51BA76391E0}.Debug|Any CPU.Build.0 = Debug|Any CPU
		{F5BCABD7-2F56-4D73-9805-C51BA76391E0}.Release|Any CPU.ActiveCfg = Release|Any CPU
		{F5BCABD7-2F56-4D73-9805-C51BA76391E0}.Release|Any CPU.Build.0 = Release|Any CPU
		{D41CEFE3-86BB-4941-BBE4-C8E4B769DC51}.Debug|Any CPU.ActiveCfg = Debug|Any CPU
		{D41CEFE3-86BB-4941-BBE4-C8E4B769DC51}.Debug|Any CPU.Build.0 = Debug|Any CPU
		{D41CEFE3-86BB-4941-BBE4-C8E4B769DC51}.Release|Any CPU.ActiveCfg = Release|Any CPU
		{D41CEFE3-86BB-4941-BBE4-C8E4B769DC51}.Release|Any CPU.Build.0 = Release|Any CPU
		{8347707C-AFE9-43D8-9722-FFA40F264E74}.Debug|Any CPU.ActiveCfg = Debug|Any CPU
		{8347707C-AFE9-43D8-9722-FFA40F264E74}.Debug|Any CPU.Build.0 = Debug|Any CPU
		{8347707C-AFE9-43D8-9722-FFA40F264E74}.Release|Any CPU.ActiveCfg = Release|Any CPU
		{8347707C-AFE9-43D8-9722-FFA40F264E74}.Release|Any CPU.Build.0 = Release|Any CPU
	EndGlobalSection
	GlobalSection(SolutionProperties) = preSolution
		HideSolutionNode = FALSE
	EndGlobalSection
	GlobalSection(NestedProjects) = preSolution
		{2C0F3DAB-9623-47FB-A72A-E1D5D0E6CD92} = {02EA681E-C7D8-13C7-8484-4AC65E1B71E8}
		{D057E9F4-CA15-4848-B9AA-EA5F3E53348A} = {9424241F-6652-4E8E-ADA9-56CC3EA1AFB1}
		{F3C7A30C-CE19-473F-9F8D-4E1FAF9ECEBD} = {4A926786-C28A-4812-8C72-DE1D5631A845}
		{C3651888-7C86-42A8-A96E-7FEB248E061E} = {4A926786-C28A-4812-8C72-DE1D5631A845}
		{356E7ABA-D60A-484D-8455-9925A00C8C0F} = {4A926786-C28A-4812-8C72-DE1D5631A845}
		{4A03764E-3160-42D6-AD3A-95B935DD4332} = {8558C5C5-49E9-4725-A94D-11DB569E5112}
		{33DA1395-854D-4F54-BC86-ABCC5BC42C0D} = {8558C5C5-49E9-4725-A94D-11DB569E5112}
		{CC90CFB2-E243-4BCC-9D19-B7D6D3252A88} = {8558C5C5-49E9-4725-A94D-11DB569E5112}
		{209F33BF-4B55-44DB-B25B-250255125CEA} = {9BAFDE89-98C8-4422-9CCB-F9696D4CB7C5}
		{279965E7-B73B-465F-A3D0-AAF0432D07AE} = {9BAFDE89-98C8-4422-9CCB-F9696D4CB7C5}
		{3B16DBD0-379C-45C4-88BB-94E90C987CEA} = {9BAFDE89-98C8-4422-9CCB-F9696D4CB7C5}
		{9B730494-5FA3-4DCB-8820-BEA5CEDB9377} = {306BDDA9-4477-457D-84A3-09D247B872C3}
		{9AE6E144-8E17-46ED-B43F-3D26CE924F2D} = {306BDDA9-4477-457D-84A3-09D247B872C3}
		{5A843BB4-BA0A-4BC3-8843-E86A2C771F6E} = {306BDDA9-4477-457D-84A3-09D247B872C3}
		{9ED7CEA2-9F7C-4FDE-8250-6C6497051A64} = {28A012A1-5A0E-4D2F-BB26-CD0AABCF02FE}
		{B3C6AA99-4717-4823-932A-5E7AD6493642} = {28A012A1-5A0E-4D2F-BB26-CD0AABCF02FE}
		{8F545DD1-04FA-4159-906B-F9930D2F8AA0} = {28A012A1-5A0E-4D2F-BB26-CD0AABCF02FE}
		{F5BCABD7-2F56-4D73-9805-C51BA76391E0} = {A50B0C0B-6786-4BE0-9C51-C8BCEB7F165F}
		{D41CEFE3-86BB-4941-BBE4-C8E4B769DC51} = {A50B0C0B-6786-4BE0-9C51-C8BCEB7F165F}
		{8347707C-AFE9-43D8-9722-FFA40F264E74} = {A50B0C0B-6786-4BE0-9C51-C8BCEB7F165F}
	EndGlobalSection
	GlobalSection(ExtensibilityGlobals) = postSolution
		SolutionGuid = {44A54AD5-B3C5-4B48-B4E1-06F1496AE578}
	EndGlobalSection
EndGlobal
