
Microsoft Visual Studio Solution File, Format Version 12.00
# Visual Studio Version 17
VisualStudioVersion = 17.14.36429.23
MinimumVisualStudioVersion = 10.0.40219.1
Project("{2150E333-8FDC-42A3-9474-1A3956D46DE8}") = "Task0", "Task0", "{02EA681E-C7D8-13C7-8484-4AC65E1B71E8}"
EndProject
Project("{FAE04EC0-301F-11D3-BF4B-00C04F79EFBC}") = "Tyuiu.VariiMN.Sprint0.Task0.V0", "Tyuiu.VariiMN.Sprint0.Task0.V0\Tyuiu.VariiMN.Sprint0.Task0.V0.csproj", "{2C0F3DAB-9623-47FB-A72A-E1D5D0E6CD92}"
EndProject
Project("{2150E333-8FDC-42A3-9474-1A3956D46DE8}") = "Task1", "Task1", "{9424241F-6652-4E8E-ADA9-56CC3EA1AFB1}"
EndProject
Project("{FAE04EC0-301F-11D3-BF4B-00C04F79EFBC}") = "Tyuiu.VariiMN.Sprint0.Task1.V0", "Tyuiu.VariiMN.Sprint0.Task1.V0\Tyuiu.VariiMN.Sprint0.Task1.V0.csproj", "{D057E9F4-CA15-4848-B9AA-EA5F3E53348A}"
EndProject
Project("{2150E333-8FDC-42A3-9474-1A3956D46DE8}") = "Task2", "Task2", "{4A926786-C28A-4812-8C72-DE1D5631A845}"
EndProject
Project("{FAE04EC0-301F-11D3-BF4B-00C04F79EFBC}") = "Tyuiu.VariiMN.Sprint0.Task2.V0", "Tyuiu.VariiMN.Sprint0.Task2.V0\Tyuiu.VariiMN.Sprint0.Task2.V0.csproj", "{F3C7A30C-CE19-473F-9F8D-4E1FAF9ECEBD}"
EndProject
Project("{FAE04EC0-301F-11D3-BF4B-00C04F79EFBC}") = "Tyuiu.VariiMN.Sprint0.Task2.V0.Lib", "Tyuiu.VariiMN.Sprint0.Task2.V0.Lib\Tyuiu.VariiMN.Sprint0.Task2.V0.Lib.csproj", "{C3651888-7C86-42A8-A96E-7FEB248E061E}"
EndProject
Project("{FAE04EC0-301F-11D3-BF4B-00C04F79EFBC}") = "Tyuiu.VariiMN.Sprint0.Task2.V0.Test", "Tyuiu.VariiMN.Sprint0.Task2.V0.Test\Tyuiu.VariiMN.Sprint0.Task2.V0.Test.csproj", "{356E7ABA-D60A-484D-8455-9925A00C8C0F}"
EndProject
Project("{2150E333-8FDC-42A3-9474-1A3956D46DE8}") = "Task3", "Task3", "{8558C5C5-49E9-4725-A94D-11DB569E5112}"
EndProject
Project("{FAE04EC0-301F-11D3-BF4B-00C04F79EFBC}") = "Tyuiu.VariiMN.Sprint0.Task3.V0", "Tyuiu.VariiMN.Sprint0.Task3.V0\Tyuiu.VariiMN.Sprint0.Task3.V0.csproj", "{4A03764E-3160-42D6-AD3A-95B935DD4332}"
EndProject
Project("{FAE04EC0-301F-11D3-BF4B-00C04F79EFBC}") = "Tyuiu.VariiMN.Sprint0.Task3.V0.Lib", "Tyuiu.VariiMN.Sprint0.Task3.V0.Lib\Tyuiu.VariiMN.Sprint0.Task3.V0.Lib.csproj", "{33DA1395-854D-4F54-BC86-ABCC5BC42C0D}"
EndProject
Project("{FAE04EC0-301F-11D3-BF4B-00C04F79EFBC}") = "Tyuiu.VariiMN.Sprint0.Task3.V0.Test", "Tyuiu.VariiMN.Sprint0.Task3.V0.Test\Tyuiu.VariiMN.Sprint0.Task3.V0.Test.csproj", "{CC90CFB2-E243-4BCC-9D19-B7D6D3252A88}"
EndProject
Global
	GlobalSection(SolutionConfigurationPlatforms) = preSolution
		Debug|Any CPU = Debug|Any CPU
		Release|Any CPU = Release|Any CPU
	EndGlobalSection
	GlobalSection(ProjectConfigurationPlatforms) = postSolution
		{2C0F3DAB-9623-47FB-A72A-E1D5D0E6CD92}.Debug|Any CPU.ActiveCfg = Debug|Any CPU
		{2C0F3DAB-9623-47FB-A72A-E1D5D0E6CD92}.Debug|Any CPU.Build.0 = Debug|Any CPU
		{2C0F3DAB-9623-47FB-A72A-E1D5D0E6CD92}.Release|Any CPU.ActiveCfg = Release|Any CPU
		{2C0F3DAB-9623-47FB-A72A-E1D5D0E6CD92}.Release|Any CPU.Build.0 = Release|Any CPU
		{D057E9F4-CA15-4848-B9AA-EA5F3E53348A}.Debug|Any CPU.ActiveCfg = Debug|Any CPU
		{D057E9F4-CA15-4848-B9AA-EA5F3E53348A}.Debug|Any CPU.Build.0 = Debug|Any CPU
		{D057E9F4-CA15-4848-B9AA-EA5F3E53348A}.Release|Any CPU.ActiveCfg = Release|Any CPU
		{D057E9F4-CA15-4848-B9AA-EA5F3E53348A}.Release|Any CPU.Build.0 = Release|Any CPU
		{F3C7A30C-CE19-473F-9F8D-4E1FAF9ECEBD}.Debug|Any CPU.ActiveCfg = Debug|Any CPU
		{F3C7A30C-CE19-473F-9F8D-4E1FAF9ECEBD}.Debug|Any CPU.Build.0 = Debug|Any CPU
		{F3C7A30C-CE19-473F-9F8D-4E1FAF9ECEBD}.Release|Any CPU.ActiveCfg = Release|Any CPU
		{F3C7A30C-CE19-473F-9F8D-4E1FAF9ECEBD}.Release|Any CPU.Build.0 = Release|Any CPU
		{C3651888-7C86-42A8-A96E-7FEB248E061E}.Debug|Any CPU.ActiveCfg = Debug|Any CPU
		{C3651888-7C86-42A8-A96E-7FEB248E061E}.Debug|Any CPU.Build.0 = Debug|Any CPU
		{C3651888-7C86-42A8-A96E-7FEB248E061E}.Release|Any CPU.ActiveCfg = Release|Any CPU
		{C3651888-7C86-42A8-A96E-7FEB248E061E}.Release|Any CPU.Build.0 = Release|Any CPU
		{356E7ABA-D60A-484D-8455-9925A00C8C0F}.Debug|Any CPU.ActiveCfg = Debug|Any CPU
		{356E7ABA-D60A-484D-8455-9925A00C8C0F}.Debug|Any CPU.Build.0 = Debug|Any CPU
		{356E7ABA-D60A-484D-8455-9925A00C8C0F}.Release|Any CPU.ActiveCfg = Release|Any CPU
		{356E7ABA-D60A-484D-8455-9925A00C8C0F}.Release|Any CPU.Build.0 = Release|Any CPU
		{4A03764E-3160-42D6-AD3A-95B935DD4332}.Debug|Any CPU.ActiveCfg = Debug|Any CPU
		{4A03764E-3160-42D6-AD3A-95B935DD4332}.Debug|Any CPU.Build.0 = Debug|Any CPU
		{4A03764E-3160-42D6-AD3A-95B935DD4332}.Release|Any CPU.ActiveCfg = Release|Any CPU
		{4A03764E-3160-42D6-AD3A-95B935DD4332}.Release|Any CPU.Build.0 = Release|Any CPU
		{33DA1395-854D-4F54-BC86-ABCC5BC42C0D}.Debug|Any CPU.ActiveCfg = Debug|Any CPU
		{33DA1395-854D-4F54-BC86-ABCC5BC42C0D}.Debug|Any CPU.Build.0 = Debug|Any CPU
		{33DA1395-854D-4F54-BC86-ABCC5BC42C0D}.Release|Any CPU.ActiveCfg = Release|Any CPU
		{33DA1395-854D-4F54-BC86-ABCC5BC42C0D}.Release|Any CPU.Build.0 = Release|Any CPU
		{CC90CFB2-E243-4BCC-9D19-B7D6D3252A88}.Debug|Any CPU.ActiveCfg = Debug|Any CPU
		{CC90CFB2-E243-4BCC-9D19-B7D6D3252A88}.Debug|Any CPU.Build.0 = Debug|Any CPU
		{CC90CFB2-E243-4BCC-9D19-B7D6D3252A88}.Release|Any CPU.ActiveCfg = Release|Any CPU
		{CC90CFB2-E243-4BCC-9D19-B7D6D3252A88}.Release|Any CPU.Build.0 = Release|Any CPU
	EndGlobalSection
	GlobalSection(SolutionProperties) = preSolution
		HideSolutionNode = FALSE
	EndGlobalSection
	GlobalSection(NestedProjects) = preSolution
		{2C0F3DAB-9623-47FB-A72A-E1D5D0E6CD92} = {02EA681E-C7D8-13C7-8484-4AC65E1B71E8}
		{D057E9F4-CA15-4848-B9AA-EA5F3E53348A} = {9424241F-6652-4E8E-ADA9-56CC3EA1AFB1}
		{F3C7A30C-CE19-473F-9F8D-4E1FAF9ECEBD} = {4A926786-C28A-4812-8C72-DE1D5631A845}
		{C3651888-7C86-42A8-A96E-7FEB248E061E} = {4A926786-C28A-4812-8C72-DE1D5631A845}
		{356E7ABA-D60A-484D-8455-9925A00C8C0F} = {4A926786-C28A-4812-8C72-DE1D5631A845}
		{4A03764E-3160-42D6-AD3A-95B935DD4332} = {8558C5C5-49E9-4725-A94D-11DB569E5112}
		{33DA1395-854D-4F54-BC86-ABCC5BC42C0D} = {8558C5C5-49E9-4725-A94D-11DB569E5112}
		{CC90CFB2-E243-4BCC-9D19-B7D6D3252A88} = {8558C5C5-49E9-4725-A94D-11DB569E5112}
	EndGlobalSection
	GlobalSection(ExtensibilityGlobals) = postSolution
		SolutionGuid = {44A54AD5-B3C5-4B48-B4E1-06F1496AE578}
	EndGlobalSection
EndGlobal
